<Solution>
  <Folder Name="/src/">
    <Project Path="src/BasesBackend.Api/BasesBackend.Api.csproj" />
    <Project Path="src/BasesBackend.Domain/BasesBackend.Domain.csproj" />
    <Project Path="src/BasesBackend.DomainService/BasesBackend.DomainService.csproj" />
    <Project Path="src/BasesBackend.Dto/BasesBackend.Dto.csproj" />
    <Project Path="src/BasesBackend.Exceptions/BasesBackend.Exceptions.csproj" />
    <Project Path="src/BasesBackend.Facade/BasesBackend.Facade.csproj" />
    <Project Path="src/BasesBackend.Infrastructure/BasesBackend.Infrastructure.csproj" />
  </Folder>
</Solution>
